
Microsoft Visual Studio Solution File, Format Version 12.00
# Visual Studio Version 17
VisualStudioVersion = 17.7.34024.191
MinimumVisualStudioVersion = 10.0.40219.1
Project("{FAE04EC0-301F-11D3-BF4B-00C04F79EFBC}") = "21, Getters and setters", "21, Getters and setters.csproj", "{5AA2CF59-AB8F-44B3-A29E-26CE3FAF823B}"
EndProject
Global
	GlobalSection(SolutionConfigurationPlatforms) = preSolution
		Debug|Any CPU = Debug|Any CPU
		Release|Any CPU = Release|Any CPU
	EndGlobalSection
	GlobalSection(ProjectConfigurationPlatforms) = postSolution
		{5AA2CF59-AB8F-44B3-A29E-26CE3FAF823B}.Debug|Any CPU.ActiveCfg = Debug|Any CPU
		{5AA2CF59-AB8F-44B3-A29E-26CE3FAF823B}.Debug|Any CPU.Build.0 = Debug|Any CPU
		{5AA2CF59-AB8F-44B3-A29E-26CE3FAF823B}.Release|Any CPU.ActiveCfg = Release|Any CPU
		{5AA2CF59-AB8F-44B3-A29E-26CE3FAF823B}.Release|Any CPU.Build.0 = Release|Any CPU
	EndGlobalSection
	GlobalSection(SolutionProperties) = preSolution
		HideSolutionNode = FALSE
	EndGlobalSection
	GlobalSection(ExtensibilityGlobals) = postSolution
		SolutionGuid = {13E05D1E-41CE-44BD-8E91-EB21FC1FE844}
	EndGlobalSection
EndGlobal
